
Microsoft Visual Studio Solution File, Format Version 12.00
# Visual Studio Version 16
VisualStudioVersion = 16.0.31613.86
MinimumVisualStudioVersion = 10.0.40219.1
Project("{8BC9CEB8-8B4A-11D0-8D11-00A0C91BC942}") = "Atm_Project", "Atm_Project\Atm_Project.vcxproj", "{ABF1E85F-75F3-470C-A91F-029F5995EFA2}"
EndProject
Global
	GlobalSection(SolutionConfigurationPlatforms) = preSolution
		Debug|x64 = Debug|x64
		Debug|x86 = Debug|x86
		Release|x64 = Release|x64
		Release|x86 = Release|x86
	EndGlobalSection
	GlobalSection(ProjectConfigurationPlatforms) = postSolution
		{ABF1E85F-75F3-470C-A91F-029F5995EFA2}.Debug|x64.ActiveCfg = Debug|x64
		{ABF1E85F-75F3-470C-A91F-029F5995EFA2}.Debug|x64.Build.0 = Debug|x64
		{ABF1E85F-75F3-470C-A91F-029F5995EFA2}.Debug|x86.ActiveCfg = Debug|Win32
		{ABF1E85F-75F3-470C-A91F-029F5995EFA2}.Debug|x86.Build.0 = Debug|Win32
		{ABF1E85F-75F3-470C-A91F-029F5995EFA2}.Release|x64.ActiveCfg = Release|x64
		{ABF1E85F-75F3-470C-A91F-029F5995EFA2}.Release|x64.Build.0 = Release|x64
		{ABF1E85F-75F3-470C-A91F-029F5995EFA2}.Release|x86.ActiveCfg = Release|Win32
		{ABF1E85F-75F3-470C-A91F-029F5995EFA2}.Release|x86.Build.0 = Release|Win32
	EndGlobalSection
	GlobalSection(SolutionProperties) = preSolution
		HideSolutionNode = FALSE
	EndGlobalSection
	GlobalSection(ExtensibilityGlobals) = postSolution
		SolutionGuid = {B0EE84A7-8D08-468D-A181-7C4DD4AB0B5E}
	EndGlobalSection
EndGlobal
